
Microsoft Visual Studio Solution File, Format Version 12.00
# Visual Studio Version 16
VisualStudioVersion = 16.0.31005.135
MinimumVisualStudioVersion = 10.0.40219.1
Project("{2150E333-8FDC-42A3-9474-1A3956D46DE8}") = "POS.Authentication", "POS.Authentication", "{B3B13607-5C29-414F-88D4-81A2FF80300E}"
EndProject
Project("{9A19103F-16F7-4668-BE54-9A1E7A4F7556}") = "Authentication", "..\..\POS.Authentication\Authentication\Authentication\Authentication.csproj", "{D78EB392-8450-4415-9FE0-775319DD02A2}"
EndProject
Project("{9A19103F-16F7-4668-BE54-9A1E7A4F7556}") = "Authentication.Model", "..\..\POS.Authentication\Authentication.Model\Authentication.Model.csproj", "{E7DA9E2A-2CD4-495A-9D89-8C161FD8984F}"
EndProject
Project("{9A19103F-16F7-4668-BE54-9A1E7A4F7556}") = "Authentication.Service", "..\..\POS.Authentication\Authentication.Service\Authentication.Service.csproj", "{E58C5ED9-BD4D-4D10-BC8E-C8D669315405}"
EndProject
Project("{2150E333-8FDC-42A3-9474-1A3956D46DE8}") = "POS.IdentityServer", "POS.IdentityServer", "{2CEE520B-DBDC-4DD5-90EC-498436A62FC2}"
EndProject
Project("{9A19103F-16F7-4668-BE54-9A1E7A4F7556}") = "Washme.Identity.Service", "..\..\IdentityService\Washme.Identity.Service\Washme.Identity.Service.csproj", "{56E72A61-9877-4DF6-AD6D-4BF0402AC753}"
EndProject
Project("{2150E333-8FDC-42A3-9474-1A3956D46DE8}") = "POS.Common", "POS.Common", "{F980CD3A-9904-47DC-9DC5-584C668D58D5}"
EndProject
Project("{9A19103F-16F7-4668-BE54-9A1E7A4F7556}") = "POS.Lib.Data", "..\POS.Lib.Data\POS.Lib.Data.csproj", "{CD4791D9-A8BD-482F-82C8-C5F8B093423D}"
EndProject
Project("{9A19103F-16F7-4668-BE54-9A1E7A4F7556}") = "POS.Lib.Configuration", "..\POS.Lib.Configuration\POS.Lib.Configuration.csproj", "{E0804193-9DA0-41A0-8888-EDC3C1044A0F}"
EndProject
Project("{2150E333-8FDC-42A3-9474-1A3956D46DE8}") = "POS.product", "POS.product", "{1DCF779F-184D-4FD8-8CB1-5AC7896692F3}"
EndProject
Project("{FAE04EC0-301F-11D3-BF4B-00C04F79EFBC}") = "POS.Product.Service", "..\..\POS.Product\POS.Product.Service\POS.Product.Service.csproj", "{7CAC6537-4264-4250-ADA5-4688C310ADEE}"
EndProject
Project("{FAE04EC0-301F-11D3-BF4B-00C04F79EFBC}") = "POS.Product.Model", "..\..\POS.Product\POS.Product.Model\POS.Product.Model.csproj", "{44B2E2D4-9D3B-480C-9A1A-E255456E0F56}"
EndProject
Project("{FAE04EC0-301F-11D3-BF4B-00C04F79EFBC}") = "POS.Product.API", "POS.Product.API\POS.Product.API.csproj", "{40AE9543-7994-46BA-9216-EADF807897DD}"
EndProject
Global
	GlobalSection(SolutionConfigurationPlatforms) = preSolution
		Debug|Any CPU = Debug|Any CPU
		Release|Any CPU = Release|Any CPU
	EndGlobalSection
	GlobalSection(ProjectConfigurationPlatforms) = postSolution
		{D78EB392-8450-4415-9FE0-775319DD02A2}.Debug|Any CPU.ActiveCfg = Debug|Any CPU
		{D78EB392-8450-4415-9FE0-775319DD02A2}.Debug|Any CPU.Build.0 = Debug|Any CPU
		{D78EB392-8450-4415-9FE0-775319DD02A2}.Release|Any CPU.ActiveCfg = Release|Any CPU
		{D78EB392-8450-4415-9FE0-775319DD02A2}.Release|Any CPU.Build.0 = Release|Any CPU
		{E7DA9E2A-2CD4-495A-9D89-8C161FD8984F}.Debug|Any CPU.ActiveCfg = Debug|Any CPU
		{E7DA9E2A-2CD4-495A-9D89-8C161FD8984F}.Debug|Any CPU.Build.0 = Debug|Any CPU
		{E7DA9E2A-2CD4-495A-9D89-8C161FD8984F}.Release|Any CPU.ActiveCfg = Release|Any CPU
		{E7DA9E2A-2CD4-495A-9D89-8C161FD8984F}.Release|Any CPU.Build.0 = Release|Any CPU
		{E58C5ED9-BD4D-4D10-BC8E-C8D669315405}.Debug|Any CPU.ActiveCfg = Debug|Any CPU
		{E58C5ED9-BD4D-4D10-BC8E-C8D669315405}.Debug|Any CPU.Build.0 = Debug|Any CPU
		{E58C5ED9-BD4D-4D10-BC8E-C8D669315405}.Release|Any CPU.ActiveCfg = Release|Any CPU
		{E58C5ED9-BD4D-4D10-BC8E-C8D669315405}.Release|Any CPU.Build.0 = Release|Any CPU
		{56E72A61-9877-4DF6-AD6D-4BF0402AC753}.Debug|Any CPU.ActiveCfg = Debug|Any CPU
		{56E72A61-9877-4DF6-AD6D-4BF0402AC753}.Debug|Any CPU.Build.0 = Debug|Any CPU
		{56E72A61-9877-4DF6-AD6D-4BF0402AC753}.Release|Any CPU.ActiveCfg = Release|Any CPU
		{56E72A61-9877-4DF6-AD6D-4BF0402AC753}.Release|Any CPU.Build.0 = Release|Any CPU
		{CD4791D9-A8BD-482F-82C8-C5F8B093423D}.Debug|Any CPU.ActiveCfg = Debug|Any CPU
		{CD4791D9-A8BD-482F-82C8-C5F8B093423D}.Debug|Any CPU.Build.0 = Debug|Any CPU
		{CD4791D9-A8BD-482F-82C8-C5F8B093423D}.Release|Any CPU.ActiveCfg = Release|Any CPU
		{CD4791D9-A8BD-482F-82C8-C5F8B093423D}.Release|Any CPU.Build.0 = Release|Any CPU
		{E0804193-9DA0-41A0-8888-EDC3C1044A0F}.Debug|Any CPU.ActiveCfg = Debug|Any CPU
		{E0804193-9DA0-41A0-8888-EDC3C1044A0F}.Debug|Any CPU.Build.0 = Debug|Any CPU
		{E0804193-9DA0-41A0-8888-EDC3C1044A0F}.Release|Any CPU.ActiveCfg = Release|Any CPU
		{E0804193-9DA0-41A0-8888-EDC3C1044A0F}.Release|Any CPU.Build.0 = Release|Any CPU
		{7CAC6537-4264-4250-ADA5-4688C310ADEE}.Debug|Any CPU.ActiveCfg = Debug|Any CPU
		{7CAC6537-4264-4250-ADA5-4688C310ADEE}.Debug|Any CPU.Build.0 = Debug|Any CPU
		{7CAC6537-4264-4250-ADA5-4688C310ADEE}.Release|Any CPU.ActiveCfg = Release|Any CPU
		{7CAC6537-4264-4250-ADA5-4688C310ADEE}.Release|Any CPU.Build.0 = Release|Any CPU
		{44B2E2D4-9D3B-480C-9A1A-E255456E0F56}.Debug|Any CPU.ActiveCfg = Debug|Any CPU
		{44B2E2D4-9D3B-480C-9A1A-E255456E0F56}.Debug|Any CPU.Build.0 = Debug|Any CPU
		{44B2E2D4-9D3B-480C-9A1A-E255456E0F56}.Release|Any CPU.ActiveCfg = Release|Any CPU
		{44B2E2D4-9D3B-480C-9A1A-E255456E0F56}.Release|Any CPU.Build.0 = Release|Any CPU
		{40AE9543-7994-46BA-9216-EADF807897DD}.Debug|Any CPU.ActiveCfg = Debug|Any CPU
		{40AE9543-7994-46BA-9216-EADF807897DD}.Debug|Any CPU.Build.0 = Debug|Any CPU
		{40AE9543-7994-46BA-9216-EADF807897DD}.Release|Any CPU.ActiveCfg = Release|Any CPU
		{40AE9543-7994-46BA-9216-EADF807897DD}.Release|Any CPU.Build.0 = Release|Any CPU
	EndGlobalSection
	GlobalSection(SolutionProperties) = preSolution
		HideSolutionNode = FALSE
	EndGlobalSection
	GlobalSection(NestedProjects) = preSolution
		{D78EB392-8450-4415-9FE0-775319DD02A2} = {B3B13607-5C29-414F-88D4-81A2FF80300E}
		{E7DA9E2A-2CD4-495A-9D89-8C161FD8984F} = {B3B13607-5C29-414F-88D4-81A2FF80300E}
		{E58C5ED9-BD4D-4D10-BC8E-C8D669315405} = {B3B13607-5C29-414F-88D4-81A2FF80300E}
		{56E72A61-9877-4DF6-AD6D-4BF0402AC753} = {2CEE520B-DBDC-4DD5-90EC-498436A62FC2}
		{CD4791D9-A8BD-482F-82C8-C5F8B093423D} = {F980CD3A-9904-47DC-9DC5-584C668D58D5}
		{E0804193-9DA0-41A0-8888-EDC3C1044A0F} = {F980CD3A-9904-47DC-9DC5-584C668D58D5}
		{7CAC6537-4264-4250-ADA5-4688C310ADEE} = {1DCF779F-184D-4FD8-8CB1-5AC7896692F3}
		{44B2E2D4-9D3B-480C-9A1A-E255456E0F56} = {1DCF779F-184D-4FD8-8CB1-5AC7896692F3}
		{40AE9543-7994-46BA-9216-EADF807897DD} = {1DCF779F-184D-4FD8-8CB1-5AC7896692F3}
	EndGlobalSection
	GlobalSection(ExtensibilityGlobals) = postSolution
		SolutionGuid = {001D4D6E-14AF-440C-A26A-123D73621489}
	EndGlobalSection
EndGlobal
